
Microsoft Visual Studio Solution File, Format Version 12.00
# Visual Studio Version 16
VisualStudioVersion = 16.0.30803.129
MinimumVisualStudioVersion = 10.0.40219.1
Project("{FAE04EC0-301F-11D3-BF4B-00C04F79EFBC}") = "Strawberry", "Strawberry.csproj", "{F8817934-24A4-43FD-9989-E6C6EEEBA5CD}"
EndProject
Project("{FAE04EC0-301F-11D3-BF4B-00C04F79EFBC}") = "Strawberry Client", "..\Strawberry Client\Strawberry Client.csproj", "{2485B22B-68CB-4B1B-9957-010575F8DFFC}"
EndProject
Global
	GlobalSection(SolutionConfigurationPlatforms) = preSolution
		Debug|Any CPU = Debug|Any CPU
		Release|Any CPU = Release|Any CPU
	EndGlobalSection
	GlobalSection(ProjectConfigurationPlatforms) = postSolution
		{F8817934-24A4-43FD-9989-E6C6EEEBA5CD}.Debug|Any CPU.ActiveCfg = Debug|Any CPU
		{F8817934-24A4-43FD-9989-E6C6EEEBA5CD}.Debug|Any CPU.Build.0 = Debug|Any CPU
		{F8817934-24A4-43FD-9989-E6C6EEEBA5CD}.Release|Any CPU.ActiveCfg = Release|Any CPU
		{F8817934-24A4-43FD-9989-E6C6EEEBA5CD}.Release|Any CPU.Build.0 = Release|Any CPU
		{2485B22B-68CB-4B1B-9957-010575F8DFFC}.Debug|Any CPU.ActiveCfg = Debug|Any CPU
		{2485B22B-68CB-4B1B-9957-010575F8DFFC}.Debug|Any CPU.Build.0 = Debug|Any CPU
		{2485B22B-68CB-4B1B-9957-010575F8DFFC}.Release|Any CPU.ActiveCfg = Release|Any CPU
		{2485B22B-68CB-4B1B-9957-010575F8DFFC}.Release|Any CPU.Build.0 = Release|Any CPU
	EndGlobalSection
	GlobalSection(SolutionProperties) = preSolution
		HideSolutionNode = FALSE
	EndGlobalSection
	GlobalSection(ExtensibilityGlobals) = postSolution
		SolutionGuid = {39982219-1E4B-4C4F-9D47-1F79A58BD779}
	EndGlobalSection
EndGlobal
